
Microsoft Visual Studio Solution File, Format Version 12.00
# Visual Studio Version 17
VisualStudioVersion = 17.2.32630.192
MinimumVisualStudioVersion = 10.0.40219.1
Project("{FAE04EC0-301F-11D3-BF4B-00C04F79EFBC}") = "Diagramme_classe", "Diagramme_classe\Diagramme_classe.csproj", "{5AF96649-F2EC-4057-BBD9-17EA6FEDFC85}"
EndProject
Global
	GlobalSection(SolutionConfigurationPlatforms) = preSolution
		Debug|Any CPU = Debug|Any CPU
		Release|Any CPU = Release|Any CPU
	EndGlobalSection
	GlobalSection(ProjectConfigurationPlatforms) = postSolution
		{5AF96649-F2EC-4057-BBD9-17EA6FEDFC85}.Debug|Any CPU.ActiveCfg = Debug|Any CPU
		{5AF96649-F2EC-4057-BBD9-17EA6FEDFC85}.Debug|Any CPU.Build.0 = Debug|Any CPU
		{5AF96649-F2EC-4057-BBD9-17EA6FEDFC85}.Release|Any CPU.ActiveCfg = Release|Any CPU
		{5AF96649-F2EC-4057-BBD9-17EA6FEDFC85}.Release|Any CPU.Build.0 = Release|Any CPU
	EndGlobalSection
	GlobalSection(SolutionProperties) = preSolution
		HideSolutionNode = FALSE
	EndGlobalSection
	GlobalSection(ExtensibilityGlobals) = postSolution
		SolutionGuid = {A1A4A0E1-3C8F-425E-AD71-5D2F64795B89}
	EndGlobalSection
EndGlobal
